
Microsoft Visual Studio Solution File, Format Version 12.00
# Visual Studio Version 16
VisualStudioVersion = 16.0.30114.105
MinimumVisualStudioVersion = 10.0.40219.1
Project("{9092AA53-FB77-4645-B42D-1CCCA6BD08BD}") = "Lab3", "Lab3.njsproj", "{B0DBE6FB-0105-4F4A-9E24-1505172199E4}"
EndProject
Global
	GlobalSection(SolutionConfigurationPlatforms) = preSolution
		Debug|Any CPU = Debug|Any CPU
		Release|Any CPU = Release|Any CPU
	EndGlobalSection
	GlobalSection(ProjectConfigurationPlatforms) = postSolution
		{B0DBE6FB-0105-4F4A-9E24-1505172199E4}.Debug|Any CPU.ActiveCfg = Debug|Any CPU
		{B0DBE6FB-0105-4F4A-9E24-1505172199E4}.Debug|Any CPU.Build.0 = Debug|Any CPU
		{B0DBE6FB-0105-4F4A-9E24-1505172199E4}.Release|Any CPU.ActiveCfg = Release|Any CPU
		{B0DBE6FB-0105-4F4A-9E24-1505172199E4}.Release|Any CPU.Build.0 = Release|Any CPU
	EndGlobalSection
	GlobalSection(SolutionProperties) = preSolution
		HideSolutionNode = FALSE
	EndGlobalSection
	GlobalSection(ExtensibilityGlobals) = postSolution
		SolutionGuid = {E4F8E992-5B63-49E1-90EE-115643965E29}
	EndGlobalSection
EndGlobal
